// !$*UTF8*$!
{
	archiveVersion = 1;
	classes = {
	};
	objectVersion = 55;
	objects = {

/* Begin PBXBuildFile section */
		7F09EFE128AF61FF008F601D /* MyNoteService.swift in Sources */ = {isa = PBXBuildFile; fileRef = 7F09EFE028AF61FF008F601D /* MyNoteService.swift */; };
		7F09EFE328AF72BE008F601D /* MyNoteVM.swift in Sources */ = {isa = PBXBuildFile; fileRef = 7F09EFE228AF72BE008F601D /* MyNoteVM.swift */; };
		7F12CEC729F28C6A003DA963 /* SettingView.swift in Sources */ = {isa = PBXBuildFile; fileRef = 7F12CEC629F28C6A003DA963 /* SettingView.swift */; };
		7F17A20C28AF20CD006B3B21 /* MyNoteSubjectSelectView.swift in Sources */ = {isa = PBXBuildFile; fileRef = 7F17A20B28AF20CD006B3B21 /* MyNoteSubjectSelectView.swift */; };
		7F17A20E28AF2428006B3B21 /* MyNoteSubjectSelectVM.swift in Sources */ = {isa = PBXBuildFile; fileRef = 7F17A20D28AF2428006B3B21 /* MyNoteSubjectSelectVM.swift */; };
		7F17A21028AF281F006B3B21 /* MyNoteView.swift in Sources */ = {isa = PBXBuildFile; fileRef = 7F17A20F28AF281F006B3B21 /* MyNoteView.swift */; };
		7F2479972A136FA800E7D384 /* ExamStore2023.swift in Sources */ = {isa = PBXBuildFile; fileRef = 7F2479962A136FA800E7D384 /* ExamStore2023.swift */; };
		7F291CD728F7FAB20008006B /* BannerAdVC.swift in Sources */ = {isa = PBXBuildFile; fileRef = 7F291CD628F7FAB20008006B /* BannerAdVC.swift */; };
		7F291CD928F7FB390008006B /* BannerAdView.swift in Sources */ = {isa = PBXBuildFile; fileRef = 7F291CD828F7FB390008006B /* BannerAdView.swift */; };
		7F49086128A14FC8002896DB /* SubjectSelectVM.swift in Sources */ = {isa = PBXBuildFile; fileRef = 7F49086028A14FC8002896DB /* SubjectSelectVM.swift */; };
		7F4E198728AE8BD100BB6FDE /* MyNoteQuestion.swift in Sources */ = {isa = PBXBuildFile; fileRef = 7F4E198628AE8BD100BB6FDE /* MyNoteQuestion.swift */; };
		7F4E198D28AE941100BB6FDE /* NanumMyeongjo-YetHangul.ttf in Resources */ = {isa = PBXBuildFile; fileRef = 7F4E198C28AE941100BB6FDE /* NanumMyeongjo-YetHangul.ttf */; };
		7F4E198F28AEB32300BB6FDE /* MyNoteQuestionView.swift in Sources */ = {isa = PBXBuildFile; fileRef = 7F4E198E28AEB32300BB6FDE /* MyNoteQuestionView.swift */; };
		7F4E199128AEB49100BB6FDE /* MyNoteQuestionVM.swift in Sources */ = {isa = PBXBuildFile; fileRef = 7F4E199028AEB49100BB6FDE /* MyNoteQuestionVM.swift */; };
		7F5634FA28B36409008AD29E /* ExamStore2022.swift in Sources */ = {isa = PBXBuildFile; fileRef = 7F5634F928B36409008AD29E /* ExamStore2022.swift */; };
		7F5634FC28B36B28008AD29E /* ExamStore2021.swift in Sources */ = {isa = PBXBuildFile; fileRef = 7F5634FB28B36B28008AD29E /* ExamStore2021.swift */; };
		7F5634FE28B36CDD008AD29E /* ExamStore2020.swift in Sources */ = {isa = PBXBuildFile; fileRef = 7F5634FD28B36CDD008AD29E /* ExamStore2020.swift */; };
		7F56350028B36E07008AD29E /* ExamStore2019.swift in Sources */ = {isa = PBXBuildFile; fileRef = 7F5634FF28B36E07008AD29E /* ExamStore2019.swift */; };
		7F56350228B36F3D008AD29E /* ExamStore2018.swift in Sources */ = {isa = PBXBuildFile; fileRef = 7F56350128B36F3D008AD29E /* ExamStore2018.swift */; };
		7F56350428B37040008AD29E /* ExamStore2017.swift in Sources */ = {isa = PBXBuildFile; fileRef = 7F56350328B37040008AD29E /* ExamStore2017.swift */; };
		7F6731792A7A4A0F00F8858F /* MainViewTwo.swift in Sources */ = {isa = PBXBuildFile; fileRef = 7F6731782A7A4A0F00F8858F /* MainViewTwo.swift */; };
		7F67317B2A7A7FFA00F8858F /* Int.swift in Sources */ = {isa = PBXBuildFile; fileRef = 7F67317A2A7A7FFA00F8858F /* Int.swift */; };
		7F67317D2A7A9C2000F8858F /* ProgressCircleView.swift in Sources */ = {isa = PBXBuildFile; fileRef = 7F67317C2A7A9C2000F8858F /* ProgressCircleView.swift */; };
		7F6AC76128CC7E91009D2113 /* SavingExamService.swift in Sources */ = {isa = PBXBuildFile; fileRef = 7F6AC76028CC7E91009D2113 /* SavingExamService.swift */; };
		7F70B51728A2D08800148779 /* String.swift in Sources */ = {isa = PBXBuildFile; fileRef = 7F70B51628A2D08800148779 /* String.swift */; };
		7F70C8972A792D9C00F95500 /* GangwonEduPowerExtraBold.otf in Resources */ = {isa = PBXBuildFile; fileRef = 7F70C8962A792D9C00F95500 /* GangwonEduPowerExtraBold.otf */; };
		7F70C8992A7931FA00F95500 /* NotoSansKR-Bold.otf in Resources */ = {isa = PBXBuildFile; fileRef = 7F70C8982A7931FA00F95500 /* NotoSansKR-Bold.otf */; };
		7F70C89B2A79320700F95500 /* NotoSansKR-Regular.otf in Resources */ = {isa = PBXBuildFile; fileRef = 7F70C89A2A79320700F95500 /* NotoSansKR-Regular.otf */; };
		7F71A79728C746CC007F4A08 /* MyNoteQuSaveModel.swift in Sources */ = {isa = PBXBuildFile; fileRef = 7F71A79628C746CC007F4A08 /* MyNoteQuSaveModel.swift */; };
		7F7EEF5C289D09C800471BDB /* QuestionView.swift in Sources */ = {isa = PBXBuildFile; fileRef = 7F7EEF5B289D09C800471BDB /* QuestionView.swift */; };
		7F7EEF5E289D0C4A00471BDB /* QuestionModel.swift in Sources */ = {isa = PBXBuildFile; fileRef = 7F7EEF5D289D0C4A00471BDB /* QuestionModel.swift */; };
		7F7EEF60289D11B800471BDB /* PreviewProviders.swift in Sources */ = {isa = PBXBuildFile; fileRef = 7F7EEF5F289D11B800471BDB /* PreviewProviders.swift */; };
		7F80FBC62A12162300E03A56 /* PurchaseManager.swift in Sources */ = {isa = PBXBuildFile; fileRef = 7F80FBC52A12162300E03A56 /* PurchaseManager.swift */; };
		7F81A8112A1518B20023BEDC /* GuideView.swift in Sources */ = {isa = PBXBuildFile; fileRef = 7F81A8102A1518B20023BEDC /* GuideView.swift */; };
		7F88E7F128A577EB001C0463 /* MainView.swift in Sources */ = {isa = PBXBuildFile; fileRef = 7F88E7F028A577EB001C0463 /* MainView.swift */; };
		7F88E7F328A57EAD001C0463 /* SubjectSelectView.swift in Sources */ = {isa = PBXBuildFile; fileRef = 7F88E7F228A57EAD001C0463 /* SubjectSelectView.swift */; };
		7F88E7F528A62C13001C0463 /* ExamSelectView.swift in Sources */ = {isa = PBXBuildFile; fileRef = 7F88E7F428A62C13001C0463 /* ExamSelectView.swift */; };
		7F88E7F728A636C8001C0463 /* ExamView.swift in Sources */ = {isa = PBXBuildFile; fileRef = 7F88E7F628A636C8001C0463 /* ExamView.swift */; };
		7F8CD08428A0DA1100776238 /* QuestionVM.swift in Sources */ = {isa = PBXBuildFile; fileRef = 7F8CD08328A0DA1100776238 /* QuestionVM.swift */; };
		7F8CD08A28A0F81300776238 /* ExamModel.swift in Sources */ = {isa = PBXBuildFile; fileRef = 7F8CD08928A0F81300776238 /* ExamModel.swift */; };
		7F967E132A173796003C5B2C /* TakeOne.swift in Sources */ = {isa = PBXBuildFile; fileRef = 7F967E122A173796003C5B2C /* TakeOne.swift */; };
		7F967E152A175023003C5B2C /* TakeThree.swift in Sources */ = {isa = PBXBuildFile; fileRef = 7F967E142A175023003C5B2C /* TakeThree.swift */; };
		7F967E172A175BC1003C5B2C /* TakeTwo.swift in Sources */ = {isa = PBXBuildFile; fileRef = 7F967E162A175BC1003C5B2C /* TakeTwo.swift */; };
		7F967E192A17602B003C5B2C /* TakeFour.swift in Sources */ = {isa = PBXBuildFile; fileRef = 7F967E182A17602B003C5B2C /* TakeFour.swift */; };
		7F9F0FEC28A4DA4000D2ABE5 /* ExamStoreDataService.swift in Sources */ = {isa = PBXBuildFile; fileRef = 7F9F0FEB28A4DA4000D2ABE5 /* ExamStoreDataService.swift */; };
		7FA573AD28B74F9D00234059 /* ExamStore2016.swift in Sources */ = {isa = PBXBuildFile; fileRef = 7FA573AC28B74F9D00234059 /* ExamStore2016.swift */; };
		7FB38C222A13EFF8005CAAB9 /* ProgressCircle.swift in Sources */ = {isa = PBXBuildFile; fileRef = 7FB38C212A13EFF8005CAAB9 /* ProgressCircle.swift */; };
		7FB7399728A937EB008E4E3A /* ImageModel.swift in Sources */ = {isa = PBXBuildFile; fileRef = 7FB7399628A937EB008E4E3A /* ImageModel.swift */; };
		7FC4643C28B5C56F00C024A0 /* View.swift in Sources */ = {isa = PBXBuildFile; fileRef = 7FC4643B28B5C56E00C024A0 /* View.swift */; };
		7FC91D1028B89DB300454811 /* ExamStore2015.swift in Sources */ = {isa = PBXBuildFile; fileRef = 7FC91D0F28B89DB300454811 /* ExamStore2015.swift */; };
		7FD21D7828AC139E0070B0A4 /* MainVM.swift in Sources */ = {isa = PBXBuildFile; fileRef = 7FD21D7728AC139E0070B0A4 /* MainVM.swift */; };
		7FD21D7A28AC27840070B0A4 /* ExamSelectVM.swift in Sources */ = {isa = PBXBuildFile; fileRef = 7FD21D7928AC27840070B0A4 /* ExamSelectVM.swift */; };
		7FD21D7C28ACBED30070B0A4 /* ExamVM.swift in Sources */ = {isa = PBXBuildFile; fileRef = 7FD21D7B28ACBED30070B0A4 /* ExamVM.swift */; };
		7FD21D7E28AD2F720070B0A4 /* ScoredQuestionView.swift in Sources */ = {isa = PBXBuildFile; fileRef = 7FD21D7D28AD2F720070B0A4 /* ScoredQuestionView.swift */; };
		7FDDF225289CFDCB00EE3FB7 /* HandGosiApp.swift in Sources */ = {isa = PBXBuildFile; fileRef = 7FDDF224289CFDCB00EE3FB7 /* HandGosiApp.swift */; };
		7FDDF229289CFDCD00EE3FB7 /* Assets.xcassets in Resources */ = {isa = PBXBuildFile; fileRef = 7FDDF228289CFDCD00EE3FB7 /* Assets.xcassets */; };
		7FDDF22C289CFDCD00EE3FB7 /* Preview Assets.xcassets in Resources */ = {isa = PBXBuildFile; fileRef = 7FDDF22B289CFDCD00EE3FB7 /* Preview Assets.xcassets */; };
		7FDDF233289CFE2300EE3FB7 /* NumberButtonView.swift in Sources */ = {isa = PBXBuildFile; fileRef = 7FDDF232289CFE2300EE3FB7 /* NumberButtonView.swift */; };
		7FE038B6289EC26C008E629B /* Color.swift in Sources */ = {isa = PBXBuildFile; fileRef = 7FE038B5289EC26C008E629B /* Color.swift */; };
		7FE0757B28B61BD600B94828 /* LoadingView.swift in Sources */ = {isa = PBXBuildFile; fileRef = 7FE0757A28B61BD600B94828 /* LoadingView.swift */; };
/* End PBXBuildFile section */

/* Begin PBXFileReference section */
		7F09EFE028AF61FF008F601D /* MyNoteService.swift */ = {isa = PBXFileReference; lastKnownFileType = sourcecode.swift; path = MyNoteService.swift; sourceTree = "<group>"; };
		7F09EFE228AF72BE008F601D /* MyNoteVM.swift */ = {isa = PBXFileReference; lastKnownFileType = sourcecode.swift; path = MyNoteVM.swift; sourceTree = "<group>"; };
		7F12CEC629F28C6A003DA963 /* SettingView.swift */ = {isa = PBXFileReference; lastKnownFileType = sourcecode.swift; path = SettingView.swift; sourceTree = "<group>"; };
		7F17A20B28AF20CD006B3B21 /* MyNoteSubjectSelectView.swift */ = {isa = PBXFileReference; lastKnownFileType = sourcecode.swift; path = MyNoteSubjectSelectView.swift; sourceTree = "<group>"; };
		7F17A20D28AF2428006B3B21 /* MyNoteSubjectSelectVM.swift */ = {isa = PBXFileReference; lastKnownFileType = sourcecode.swift; path = MyNoteSubjectSelectVM.swift; sourceTree = "<group>"; };
		7F17A20F28AF281F006B3B21 /* MyNoteView.swift */ = {isa = PBXFileReference; lastKnownFileType = sourcecode.swift; path = MyNoteView.swift; sourceTree = "<group>"; };
		7F2479962A136FA800E7D384 /* ExamStore2023.swift */ = {isa = PBXFileReference; lastKnownFileType = sourcecode.swift; path = ExamStore2023.swift; sourceTree = "<group>"; };
		7F291CD628F7FAB20008006B /* BannerAdVC.swift */ = {isa = PBXFileReference; lastKnownFileType = sourcecode.swift; path = BannerAdVC.swift; sourceTree = "<group>"; };
		7F291CD828F7FB390008006B /* BannerAdView.swift */ = {isa = PBXFileReference; lastKnownFileType = sourcecode.swift; path = BannerAdView.swift; sourceTree = "<group>"; };
		7F49086028A14FC8002896DB /* SubjectSelectVM.swift */ = {isa = PBXFileReference; lastKnownFileType = sourcecode.swift; path = SubjectSelectVM.swift; sourceTree = "<group>"; };
		7F4E198628AE8BD100BB6FDE /* MyNoteQuestion.swift */ = {isa = PBXFileReference; lastKnownFileType = sourcecode.swift; path = MyNoteQuestion.swift; sourceTree = "<group>"; };
		7F4E198C28AE941100BB6FDE /* NanumMyeongjo-YetHangul.ttf */ = {isa = PBXFileReference; lastKnownFileType = file; path = "NanumMyeongjo-YetHangul.ttf"; sourceTree = "<group>"; };
		7F4E198E28AEB32300BB6FDE /* MyNoteQuestionView.swift */ = {isa = PBXFileReference; lastKnownFileType = sourcecode.swift; path = MyNoteQuestionView.swift; sourceTree = "<group>"; };
		7F4E199028AEB49100BB6FDE /* MyNoteQuestionVM.swift */ = {isa = PBXFileReference; lastKnownFileType = sourcecode.swift; path = MyNoteQuestionVM.swift; sourceTree = "<group>"; };
		7F5634F928B36409008AD29E /* ExamStore2022.swift */ = {isa = PBXFileReference; lastKnownFileType = sourcecode.swift; path = ExamStore2022.swift; sourceTree = "<group>"; };
		7F5634FB28B36B28008AD29E /* ExamStore2021.swift */ = {isa = PBXFileReference; lastKnownFileType = sourcecode.swift; path = ExamStore2021.swift; sourceTree = "<group>"; };
		7F5634FD28B36CDD008AD29E /* ExamStore2020.swift */ = {isa = PBXFileReference; lastKnownFileType = sourcecode.swift; path = ExamStore2020.swift; sourceTree = "<group>"; };
		7F5634FF28B36E07008AD29E /* ExamStore2019.swift */ = {isa = PBXFileReference; lastKnownFileType = sourcecode.swift; path = ExamStore2019.swift; sourceTree = "<group>"; };
		7F56350128B36F3D008AD29E /* ExamStore2018.swift */ = {isa = PBXFileReference; lastKnownFileType = sourcecode.swift; path = ExamStore2018.swift; sourceTree = "<group>"; };
		7F56350328B37040008AD29E /* ExamStore2017.swift */ = {isa = PBXFileReference; lastKnownFileType = sourcecode.swift; path = ExamStore2017.swift; sourceTree = "<group>"; };
		7F6731782A7A4A0F00F8858F /* MainViewTwo.swift */ = {isa = PBXFileReference; lastKnownFileType = sourcecode.swift; path = MainViewTwo.swift; sourceTree = "<group>"; };
		7F67317A2A7A7FFA00F8858F /* Int.swift */ = {isa = PBXFileReference; lastKnownFileType = sourcecode.swift; path = Int.swift; sourceTree = "<group>"; };
		7F67317C2A7A9C2000F8858F /* ProgressCircleView.swift */ = {isa = PBXFileReference; lastKnownFileType = sourcecode.swift; path = ProgressCircleView.swift; sourceTree = "<group>"; };
		7F6AC76028CC7E91009D2113 /* SavingExamService.swift */ = {isa = PBXFileReference; lastKnownFileType = sourcecode.swift; path = SavingExamService.swift; sourceTree = "<group>"; };
		7F70B51328A2401D00148779 /* Info.plist */ = {isa = PBXFileReference; lastKnownFileType = text.plist; path = Info.plist; sourceTree = "<group>"; };
		7F70B51628A2D08800148779 /* String.swift */ = {isa = PBXFileReference; lastKnownFileType = sourcecode.swift; path = String.swift; sourceTree = "<group>"; };
		7F70C8962A792D9C00F95500 /* GangwonEduPowerExtraBold.otf */ = {isa = PBXFileReference; lastKnownFileType = file; path = GangwonEduPowerExtraBold.otf; sourceTree = "<group>"; };
		7F70C8982A7931FA00F95500 /* NotoSansKR-Bold.otf */ = {isa = PBXFileReference; lastKnownFileType = file; path = "NotoSansKR-Bold.otf"; sourceTree = "<group>"; };
		7F70C89A2A79320700F95500 /* NotoSansKR-Regular.otf */ = {isa = PBXFileReference; lastKnownFileType = file; path = "NotoSansKR-Regular.otf"; sourceTree = "<group>"; };
		7F71A79628C746CC007F4A08 /* MyNoteQuSaveModel.swift */ = {isa = PBXFileReference; lastKnownFileType = sourcecode.swift; path = MyNoteQuSaveModel.swift; sourceTree = "<group>"; };
		7F7EEF5B289D09C800471BDB /* QuestionView.swift */ = {isa = PBXFileReference; lastKnownFileType = sourcecode.swift; path = QuestionView.swift; sourceTree = "<group>"; };
		7F7EEF5D289D0C4A00471BDB /* QuestionModel.swift */ = {isa = PBXFileReference; lastKnownFileType = sourcecode.swift; path = QuestionModel.swift; sourceTree = "<group>"; };
		7F7EEF5F289D11B800471BDB /* PreviewProviders.swift */ = {isa = PBXFileReference; lastKnownFileType = sourcecode.swift; path = PreviewProviders.swift; sourceTree = "<group>"; };
		7F80FBC52A12162300E03A56 /* PurchaseManager.swift */ = {isa = PBXFileReference; lastKnownFileType = sourcecode.swift; path = PurchaseManager.swift; sourceTree = "<group>"; };
		7F81A8102A1518B20023BEDC /* GuideView.swift */ = {isa = PBXFileReference; lastKnownFileType = sourcecode.swift; path = GuideView.swift; sourceTree = "<group>"; };
		7F88E7F028A577EB001C0463 /* MainView.swift */ = {isa = PBXFileReference; lastKnownFileType = sourcecode.swift; path = MainView.swift; sourceTree = "<group>"; };
		7F88E7F228A57EAD001C0463 /* SubjectSelectView.swift */ = {isa = PBXFileReference; lastKnownFileType = sourcecode.swift; path = SubjectSelectView.swift; sourceTree = "<group>"; };
		7F88E7F428A62C13001C0463 /* ExamSelectView.swift */ = {isa = PBXFileReference; lastKnownFileType = sourcecode.swift; path = ExamSelectView.swift; sourceTree = "<group>"; };
		7F88E7F628A636C8001C0463 /* ExamView.swift */ = {isa = PBXFileReference; lastKnownFileType = sourcecode.swift; path = ExamView.swift; sourceTree = "<group>"; };
		7F8CD08328A0DA1100776238 /* QuestionVM.swift */ = {isa = PBXFileReference; lastKnownFileType = sourcecode.swift; path = QuestionVM.swift; sourceTree = "<group>"; };
		7F8CD08928A0F81300776238 /* ExamModel.swift */ = {isa = PBXFileReference; lastKnownFileType = sourcecode.swift; path = ExamModel.swift; sourceTree = "<group>"; };
		7F967E122A173796003C5B2C /* TakeOne.swift */ = {isa = PBXFileReference; lastKnownFileType = sourcecode.swift; path = TakeOne.swift; sourceTree = "<group>"; };
		7F967E142A175023003C5B2C /* TakeThree.swift */ = {isa = PBXFileReference; lastKnownFileType = sourcecode.swift; path = TakeThree.swift; sourceTree = "<group>"; };
		7F967E162A175BC1003C5B2C /* TakeTwo.swift */ = {isa = PBXFileReference; lastKnownFileType = sourcecode.swift; path = TakeTwo.swift; sourceTree = "<group>"; };
		7F967E182A17602B003C5B2C /* TakeFour.swift */ = {isa = PBXFileReference; lastKnownFileType = sourcecode.swift; path = TakeFour.swift; sourceTree = "<group>"; };
		7F9F0FEB28A4DA4000D2ABE5 /* ExamStoreDataService.swift */ = {isa = PBXFileReference; lastKnownFileType = sourcecode.swift; path = ExamStoreDataService.swift; sourceTree = "<group>"; };
		7FA573AC28B74F9D00234059 /* ExamStore2016.swift */ = {isa = PBXFileReference; lastKnownFileType = sourcecode.swift; path = ExamStore2016.swift; sourceTree = "<group>"; };
		7FB38C212A13EFF8005CAAB9 /* ProgressCircle.swift */ = {isa = PBXFileReference; lastKnownFileType = sourcecode.swift; path = ProgressCircle.swift; sourceTree = "<group>"; };
		7FB7399628A937EB008E4E3A /* ImageModel.swift */ = {isa = PBXFileReference; lastKnownFileType = sourcecode.swift; path = ImageModel.swift; sourceTree = "<group>"; };
		7FC4643B28B5C56E00C024A0 /* View.swift */ = {isa = PBXFileReference; lastKnownFileType = sourcecode.swift; path = View.swift; sourceTree = "<group>"; };
		7FC91D0F28B89DB300454811 /* ExamStore2015.swift */ = {isa = PBXFileReference; lastKnownFileType = sourcecode.swift; path = ExamStore2015.swift; sourceTree = "<group>"; };
		7FD21D7728AC139E0070B0A4 /* MainVM.swift */ = {isa = PBXFileReference; lastKnownFileType = sourcecode.swift; path = MainVM.swift; sourceTree = "<group>"; };
		7FD21D7928AC27840070B0A4 /* ExamSelectVM.swift */ = {isa = PBXFileReference; lastKnownFileType = sourcecode.swift; path = ExamSelectVM.swift; sourceTree = "<group>"; };
		7FD21D7B28ACBED30070B0A4 /* ExamVM.swift */ = {isa = PBXFileReference; lastKnownFileType = sourcecode.swift; path = ExamVM.swift; sourceTree = "<group>"; };
		7FD21D7D28AD2F720070B0A4 /* ScoredQuestionView.swift */ = {isa = PBXFileReference; lastKnownFileType = sourcecode.swift; path = ScoredQuestionView.swift; sourceTree = "<group>"; };
		7FDDF221289CFDCB00EE3FB7 /* HandGosi.app */ = {isa = PBXFileReference; explicitFileType = wrapper.application; includeInIndex = 0; path = HandGosi.app; sourceTree = BUILT_PRODUCTS_DIR; };
		7FDDF224289CFDCB00EE3FB7 /* HandGosiApp.swift */ = {isa = PBXFileReference; lastKnownFileType = sourcecode.swift; path = HandGosiApp.swift; sourceTree = "<group>"; };
		7FDDF228289CFDCD00EE3FB7 /* Assets.xcassets */ = {isa = PBXFileReference; lastKnownFileType = folder.assetcatalog; path = Assets.xcassets; sourceTree = "<group>"; };
		7FDDF22B289CFDCD00EE3FB7 /* Preview Assets.xcassets */ = {isa = PBXFileReference; lastKnownFileType = folder.assetcatalog; path = "Preview Assets.xcassets"; sourceTree = "<group>"; };
		7FDDF232289CFE2300EE3FB7 /* NumberButtonView.swift */ = {isa = PBXFileReference; lastKnownFileType = sourcecode.swift; path = NumberButtonView.swift; sourceTree = "<group>"; };
		7FE038B5289EC26C008E629B /* Color.swift */ = {isa = PBXFileReference; lastKnownFileType = sourcecode.swift; path = Color.swift; sourceTree = "<group>"; };
		7FE0757A28B61BD600B94828 /* LoadingView.swift */ = {isa = PBXFileReference; lastKnownFileType = sourcecode.swift; path = LoadingView.swift; sourceTree = "<group>"; };
/* End PBXFileReference section */

/* Begin PBXFrameworksBuildPhase section */
		7FDDF21E289CFDCB00EE3FB7 /* Frameworks */ = {
			isa = PBXFrameworksBuildPhase;
			buildActionMask = 2147483647;
			files = (
			);
			runOnlyForDeploymentPostprocessing = 0;
		};
/* End PBXFrameworksBuildPhase section */

/* Begin PBXGroup section */
		7F291CD528F7FA830008006B /* ADMob */ = {
			isa = PBXGroup;
			children = (
				7F291CD628F7FAB20008006B /* BannerAdVC.swift */,
				7F291CD828F7FB390008006B /* BannerAdView.swift */,
			);
			path = ADMob;
			sourceTree = "<group>";
		};
		7F56350528B3719F008AD29E /* ExamStore */ = {
			isa = PBXGroup;
			children = (
				7F09EFE028AF61FF008F601D /* MyNoteService.swift */,
				7F9F0FEB28A4DA4000D2ABE5 /* ExamStoreDataService.swift */,
				7F6AC76028CC7E91009D2113 /* SavingExamService.swift */,
				7F2479962A136FA800E7D384 /* ExamStore2023.swift */,
				7F5634F928B36409008AD29E /* ExamStore2022.swift */,
				7F5634FB28B36B28008AD29E /* ExamStore2021.swift */,
				7F5634FD28B36CDD008AD29E /* ExamStore2020.swift */,
				7F5634FF28B36E07008AD29E /* ExamStore2019.swift */,
				7F56350128B36F3D008AD29E /* ExamStore2018.swift */,
				7F56350328B37040008AD29E /* ExamStore2017.swift */,
				7FA573AC28B74F9D00234059 /* ExamStore2016.swift */,
				7FC91D0F28B89DB300454811 /* ExamStore2015.swift */,
			);
			path = ExamStore;
			sourceTree = "<group>";
		};
		7F70B51028A23F4C00148779 /* Fonts */ = {
			isa = PBXGroup;
			children = (
				7F70C8962A792D9C00F95500 /* GangwonEduPowerExtraBold.otf */,
				7F70C8982A7931FA00F95500 /* NotoSansKR-Bold.otf */,
				7F4E198C28AE941100BB6FDE /* NanumMyeongjo-YetHangul.ttf */,
				7F70C89A2A79320700F95500 /* NotoSansKR-Regular.otf */,
			);
			path = Fonts;
			sourceTree = "<group>";
		};
		7F81A8122A152B9B0023BEDC /* GuideView */ = {
			isa = PBXGroup;
			children = (
				7F81A8102A1518B20023BEDC /* GuideView.swift */,
				7F967E122A173796003C5B2C /* TakeOne.swift */,
				7F967E162A175BC1003C5B2C /* TakeTwo.swift */,
				7F967E142A175023003C5B2C /* TakeThree.swift */,
				7F967E182A17602B003C5B2C /* TakeFour.swift */,
			);
			path = GuideView;
			sourceTree = "<group>";
		};
		7F87FB4128AB8FDC00E57AC9 /* View */ = {
			isa = PBXGroup;
			children = (
				7FE0757A28B61BD600B94828 /* LoadingView.swift */,
				7F88E7F028A577EB001C0463 /* MainView.swift */,
				7F6731782A7A4A0F00F8858F /* MainViewTwo.swift */,
				7FD21D7728AC139E0070B0A4 /* MainVM.swift */,
				7F12CEC629F28C6A003DA963 /* SettingView.swift */,
				7F81A8122A152B9B0023BEDC /* GuideView */,
				7F88E7F228A57EAD001C0463 /* SubjectSelectView.swift */,
				7F49086028A14FC8002896DB /* SubjectSelectVM.swift */,
				7F88E7F428A62C13001C0463 /* ExamSelectView.swift */,
				7FD21D7928AC27840070B0A4 /* ExamSelectVM.swift */,
				7F88E7F628A636C8001C0463 /* ExamView.swift */,
				7FD21D7B28ACBED30070B0A4 /* ExamVM.swift */,
				7F7EEF5B289D09C800471BDB /* QuestionView.swift */,
				7FD21D7D28AD2F720070B0A4 /* ScoredQuestionView.swift */,
				7F8CD08328A0DA1100776238 /* QuestionVM.swift */,
				7F17A20B28AF20CD006B3B21 /* MyNoteSubjectSelectView.swift */,
				7F17A20D28AF2428006B3B21 /* MyNoteSubjectSelectVM.swift */,
				7F17A20F28AF281F006B3B21 /* MyNoteView.swift */,
				7F09EFE228AF72BE008F601D /* MyNoteVM.swift */,
				7F4E198E28AEB32300BB6FDE /* MyNoteQuestionView.swift */,
				7F4E199028AEB49100BB6FDE /* MyNoteQuestionVM.swift */,
				7F87FB4228AB904D00E57AC9 /* Configuration */,
			);
			path = View;
			sourceTree = "<group>";
		};
		7F87FB4228AB904D00E57AC9 /* Configuration */ = {
			isa = PBXGroup;
			children = (
				7FDDF232289CFE2300EE3FB7 /* NumberButtonView.swift */,
				7FB38C212A13EFF8005CAAB9 /* ProgressCircle.swift */,
				7F67317C2A7A9C2000F8858F /* ProgressCircleView.swift */,
			);
			path = Configuration;
			sourceTree = "<group>";
		};
		7F8CD08028A0CE6500776238 /* Model */ = {
			isa = PBXGroup;
			children = (
				7F8CD08928A0F81300776238 /* ExamModel.swift */,
				7F7EEF5D289D0C4A00471BDB /* QuestionModel.swift */,
				7F4E198628AE8BD100BB6FDE /* MyNoteQuestion.swift */,
				7FB7399628A937EB008E4E3A /* ImageModel.swift */,
				7F71A79628C746CC007F4A08 /* MyNoteQuSaveModel.swift */,
			);
			path = Model;
			sourceTree = "<group>";
		};
		7F8CD08C28A14A1200776238 /* Extensions */ = {
			isa = PBXGroup;
			children = (
				7FE038B5289EC26C008E629B /* Color.swift */,
				7F7EEF5F289D11B800471BDB /* PreviewProviders.swift */,
				7F70B51628A2D08800148779 /* String.swift */,
				7FC4643B28B5C56E00C024A0 /* View.swift */,
				7F67317A2A7A7FFA00F8858F /* Int.swift */,
			);
			path = Extensions;
			sourceTree = "<group>";
		};
		7FB8D30A2A0E289B006A19D9 /* Service */ = {
			isa = PBXGroup;
			children = (
				7F56350528B3719F008AD29E /* ExamStore */,
				7F80FBC52A12162300E03A56 /* PurchaseManager.swift */,
			);
			path = Service;
			sourceTree = "<group>";
		};
		7FDDF218289CFDCB00EE3FB7 = {
			isa = PBXGroup;
			children = (
				7FDDF223289CFDCB00EE3FB7 /* HandGosi */,
				7FDDF222289CFDCB00EE3FB7 /* Products */,
			);
			sourceTree = "<group>";
		};
		7FDDF222289CFDCB00EE3FB7 /* Products */ = {
			isa = PBXGroup;
			children = (
				7FDDF221289CFDCB00EE3FB7 /* HandGosi.app */,
			);
			name = Products;
			sourceTree = "<group>";
		};
		7FDDF223289CFDCB00EE3FB7 /* HandGosi */ = {
			isa = PBXGroup;
			children = (
				7F70B51328A2401D00148779 /* Info.plist */,
				7FDDF224289CFDCB00EE3FB7 /* HandGosiApp.swift */,
				7F291CD528F7FA830008006B /* ADMob */,
				7F8CD08028A0CE6500776238 /* Model */,
				7F87FB4128AB8FDC00E57AC9 /* View */,
				7FB8D30A2A0E289B006A19D9 /* Service */,
				7F70B51028A23F4C00148779 /* Fonts */,
				7F8CD08C28A14A1200776238 /* Extensions */,
				7FDDF228289CFDCD00EE3FB7 /* Assets.xcassets */,
				7FDDF22A289CFDCD00EE3FB7 /* Preview Content */,
			);
			path = HandGosi;
			sourceTree = "<group>";
		};
		7FDDF22A289CFDCD00EE3FB7 /* Preview Content */ = {
			isa = PBXGroup;
			children = (
				7FDDF22B289CFDCD00EE3FB7 /* Preview Assets.xcassets */,
			);
			path = "Preview Content";
			sourceTree = "<group>";
		};
/* End PBXGroup section */

/* Begin PBXNativeTarget section */
		7FDDF220289CFDCB00EE3FB7 /* HandGosi */ = {
			isa = PBXNativeTarget;
			buildConfigurationList = 7FDDF22F289CFDCD00EE3FB7 /* Build configuration list for PBXNativeTarget "HandGosi" */;
			buildPhases = (
				7FDDF21D289CFDCB00EE3FB7 /* Sources */,
				7FDDF21E289CFDCB00EE3FB7 /* Frameworks */,
				7FDDF21F289CFDCB00EE3FB7 /* Resources */,
			);
			buildRules = (
			);
			dependencies = (
			);
			name = HandGosi;
			productName = HandGosi;
			productReference = 7FDDF221289CFDCB00EE3FB7 /* HandGosi.app */;
			productType = "com.apple.product-type.application";
		};
/* End PBXNativeTarget section */

/* Begin PBXProject section */
		7FDDF219289CFDCB00EE3FB7 /* Project object */ = {
			isa = PBXProject;
			attributes = {
				BuildIndependentTargetsInParallel = 1;
				LastSwiftUpdateCheck = 1340;
				LastUpgradeCheck = 1340;
				TargetAttributes = {
					7FDDF220289CFDCB00EE3FB7 = {
						CreatedOnToolsVersion = 13.4.1;
					};
				};
			};
			buildConfigurationList = 7FDDF21C289CFDCB00EE3FB7 /* Build configuration list for PBXProject "HandGosi" */;
			compatibilityVersion = "Xcode 13.0";
			developmentRegion = en;
			hasScannedForEncodings = 0;
			knownRegions = (
				en,
				Base,
			);
			mainGroup = 7FDDF218289CFDCB00EE3FB7;
			productRefGroup = 7FDDF222289CFDCB00EE3FB7 /* Products */;
			projectDirPath = "";
			projectRoot = "";
			targets = (
				7FDDF220289CFDCB00EE3FB7 /* HandGosi */,
			);
		};
/* End PBXProject section */

/* Begin PBXResourcesBuildPhase section */
		7FDDF21F289CFDCB00EE3FB7 /* Resources */ = {
			isa = PBXResourcesBuildPhase;
			buildActionMask = 2147483647;
			files = (
				7F70C8972A792D9C00F95500 /* GangwonEduPowerExtraBold.otf in Resources */,
				7FDDF22C289CFDCD00EE3FB7 /* Preview Assets.xcassets in Resources */,
				7FDDF229289CFDCD00EE3FB7 /* Assets.xcassets in Resources */,
				7F4E198D28AE941100BB6FDE /* NanumMyeongjo-YetHangul.ttf in Resources */,
				7F70C89B2A79320700F95500 /* NotoSansKR-Regular.otf in Resources */,
				7F70C8992A7931FA00F95500 /* NotoSansKR-Bold.otf in Resources */,
			);
			runOnlyForDeploymentPostprocessing = 0;
		};
/* End PBXResourcesBuildPhase section */

/* Begin PBXSourcesBuildPhase section */
		7FDDF21D289CFDCB00EE3FB7 /* Sources */ = {
			isa = PBXSourcesBuildPhase;
			buildActionMask = 2147483647;
			files = (
				7FD21D7C28ACBED30070B0A4 /* ExamVM.swift in Sources */,
				7F12CEC729F28C6A003DA963 /* SettingView.swift in Sources */,
				7F6731792A7A4A0F00F8858F /* MainViewTwo.swift in Sources */,
				7F17A20E28AF2428006B3B21 /* MyNoteSubjectSelectVM.swift in Sources */,
				7F5634FE28B36CDD008AD29E /* ExamStore2020.swift in Sources */,
				7F2479972A136FA800E7D384 /* ExamStore2023.swift in Sources */,
				7F967E132A173796003C5B2C /* TakeOne.swift in Sources */,
				7F967E172A175BC1003C5B2C /* TakeTwo.swift in Sources */,
				7F291CD928F7FB390008006B /* BannerAdView.swift in Sources */,
				7F9F0FEC28A4DA4000D2ABE5 /* ExamStoreDataService.swift in Sources */,
				7F71A79728C746CC007F4A08 /* MyNoteQuSaveModel.swift in Sources */,
				7F81A8112A1518B20023BEDC /* GuideView.swift in Sources */,
				7F4E199128AEB49100BB6FDE /* MyNoteQuestionVM.swift in Sources */,
				7FD21D7828AC139E0070B0A4 /* MainVM.swift in Sources */,
				7F88E7F528A62C13001C0463 /* ExamSelectView.swift in Sources */,
				7F88E7F128A577EB001C0463 /* MainView.swift in Sources */,
				7F7EEF5C289D09C800471BDB /* QuestionView.swift in Sources */,
				7F967E192A17602B003C5B2C /* TakeFour.swift in Sources */,
				7F7EEF60289D11B800471BDB /* PreviewProviders.swift in Sources */,
				7FE038B6289EC26C008E629B /* Color.swift in Sources */,
				7FD21D7A28AC27840070B0A4 /* ExamSelectVM.swift in Sources */,
				7FC4643C28B5C56F00C024A0 /* View.swift in Sources */,
				7F88E7F328A57EAD001C0463 /* SubjectSelectView.swift in Sources */,
				7F967E152A175023003C5B2C /* TakeThree.swift in Sources */,
				7F4E198728AE8BD100BB6FDE /* MyNoteQuestion.swift in Sources */,
				7F80FBC62A12162300E03A56 /* PurchaseManager.swift in Sources */,
				7F6AC76128CC7E91009D2113 /* SavingExamService.swift in Sources */,
				7FD21D7E28AD2F720070B0A4 /* ScoredQuestionView.swift in Sources */,
				7F49086128A14FC8002896DB /* SubjectSelectVM.swift in Sources */,
				7FE0757B28B61BD600B94828 /* LoadingView.swift in Sources */,
				7F8CD08A28A0F81300776238 /* ExamModel.swift in Sources */,
				7F17A20C28AF20CD006B3B21 /* MyNoteSubjectSelectView.swift in Sources */,
				7F56350028B36E07008AD29E /* ExamStore2019.swift in Sources */,
				7F5634FA28B36409008AD29E /* ExamStore2022.swift in Sources */,
				7FC91D1028B89DB300454811 /* ExamStore2015.swift in Sources */,
				7FA573AD28B74F9D00234059 /* ExamStore2016.swift in Sources */,
				7FDDF225289CFDCB00EE3FB7 /* HandGosiApp.swift in Sources */,
				7FDDF233289CFE2300EE3FB7 /* NumberButtonView.swift in Sources */,
				7F7EEF5E289D0C4A00471BDB /* QuestionModel.swift in Sources */,
				7F67317B2A7A7FFA00F8858F /* Int.swift in Sources */,
				7FB7399728A937EB008E4E3A /* ImageModel.swift in Sources */,
				7F09EFE128AF61FF008F601D /* MyNoteService.swift in Sources */,
				7F56350228B36F3D008AD29E /* ExamStore2018.swift in Sources */,
				7F5634FC28B36B28008AD29E /* ExamStore2021.swift in Sources */,
				7F4E198F28AEB32300BB6FDE /* MyNoteQuestionView.swift in Sources */,
				7F291CD728F7FAB20008006B /* BannerAdVC.swift in Sources */,
				7F17A21028AF281F006B3B21 /* MyNoteView.swift in Sources */,
				7F09EFE328AF72BE008F601D /* MyNoteVM.swift in Sources */,
				7FB38C222A13EFF8005CAAB9 /* ProgressCircle.swift in Sources */,
				7F67317D2A7A9C2000F8858F /* ProgressCircleView.swift in Sources */,
				7F8CD08428A0DA1100776238 /* QuestionVM.swift in Sources */,
				7F88E7F728A636C8001C0463 /* ExamView.swift in Sources */,
				7F56350428B37040008AD29E /* ExamStore2017.swift in Sources */,
				7F70B51728A2D08800148779 /* String.swift in Sources */,
			);
			runOnlyForDeploymentPostprocessing = 0;
		};
/* End PBXSourcesBuildPhase section */

/* Begin XCBuildConfiguration section */
		7FDDF22D289CFDCD00EE3FB7 /* Debug */ = {
			isa = XCBuildConfiguration;
			buildSettings = {
				ALWAYS_SEARCH_USER_PATHS = NO;
				CLANG_ANALYZER_NONNULL = YES;
				CLANG_ANALYZER_NUMBER_OBJECT_CONVERSION = YES_AGGRESSIVE;
				CLANG_CXX_LANGUAGE_STANDARD = "gnu++17";
				CLANG_ENABLE_MODULES = YES;
				CLANG_ENABLE_OBJC_ARC = YES;
				CLANG_ENABLE_OBJC_WEAK = YES;
				CLANG_WARN_BLOCK_CAPTURE_AUTORELEASING = YES;
				CLANG_WARN_BOOL_CONVERSION = YES;
				CLANG_WARN_COMMA = YES;
				CLANG_WARN_CONSTANT_CONVERSION = YES;
				CLANG_WARN_DEPRECATED_OBJC_IMPLEMENTATIONS = YES;
				CLANG_WARN_DIRECT_OBJC_ISA_USAGE = YES_ERROR;
				CLANG_WARN_DOCUMENTATION_COMMENTS = YES;
				CLANG_WARN_EMPTY_BODY = YES;
				CLANG_WARN_ENUM_CONVERSION = YES;
				CLANG_WARN_INFINITE_RECURSION = YES;
				CLANG_WARN_INT_CONVERSION = YES;
				CLANG_WARN_NON_LITERAL_NULL_CONVERSION = YES;
				CLANG_WARN_OBJC_IMPLICIT_RETAIN_SELF = YES;
				CLANG_WARN_OBJC_LITERAL_CONVERSION = YES;
				CLANG_WARN_OBJC_ROOT_CLASS = YES_ERROR;
				CLANG_WARN_QUOTED_INCLUDE_IN_FRAMEWORK_HEADER = YES;
				CLANG_WARN_RANGE_LOOP_ANALYSIS = YES;
				CLANG_WARN_STRICT_PROTOTYPES = YES;
				CLANG_WARN_SUSPICIOUS_MOVE = YES;
				CLANG_WARN_UNGUARDED_AVAILABILITY = YES_AGGRESSIVE;
				CLANG_WARN_UNREACHABLE_CODE = YES;
				CLANG_WARN__DUPLICATE_METHOD_MATCH = YES;
				COPY_PHASE_STRIP = NO;
				DEBUG_INFORMATION_FORMAT = dwarf;
				ENABLE_STRICT_OBJC_MSGSEND = YES;
				ENABLE_TESTABILITY = YES;
				GCC_C_LANGUAGE_STANDARD = gnu11;
				GCC_DYNAMIC_NO_PIC = NO;
				GCC_NO_COMMON_BLOCKS = YES;
				GCC_OPTIMIZATION_LEVEL = 0;
				GCC_PREPROCESSOR_DEFINITIONS = (
					"DEBUG=1",
					"$(inherited)",
				);
				GCC_WARN_64_TO_32_BIT_CONVERSION = YES;
				GCC_WARN_ABOUT_RETURN_TYPE = YES_ERROR;
				GCC_WARN_UNDECLARED_SELECTOR = YES;
				GCC_WARN_UNINITIALIZED_AUTOS = YES_AGGRESSIVE;
				GCC_WARN_UNUSED_FUNCTION = YES;
				GCC_WARN_UNUSED_VARIABLE = YES;
				IPHONEOS_DEPLOYMENT_TARGET = 15.5;
				MTL_ENABLE_DEBUG_INFO = INCLUDE_SOURCE;
				MTL_FAST_MATH = YES;
				ONLY_ACTIVE_ARCH = YES;
				SDKROOT = iphoneos;
				SWIFT_ACTIVE_COMPILATION_CONDITIONS = DEBUG;
				SWIFT_OPTIMIZATION_LEVEL = "-Onone";
			};
			name = Debug;
		};
		7FDDF22E289CFDCD00EE3FB7 /* Release */ = {
			isa = XCBuildConfiguration;
			buildSettings = {
				ALWAYS_SEARCH_USER_PATHS = NO;
				CLANG_ANALYZER_NONNULL = YES;
				CLANG_ANALYZER_NUMBER_OBJECT_CONVERSION = YES_AGGRESSIVE;
				CLANG_CXX_LANGUAGE_STANDARD = "gnu++17";
				CLANG_ENABLE_MODULES = YES;
				CLANG_ENABLE_OBJC_ARC = YES;
				CLANG_ENABLE_OBJC_WEAK = YES;
				CLANG_WARN_BLOCK_CAPTURE_AUTORELEASING = YES;
				CLANG_WARN_BOOL_CONVERSION = YES;
				CLANG_WARN_COMMA = YES;
				CLANG_WARN_CONSTANT_CONVERSION = YES;
				CLANG_WARN_DEPRECATED_OBJC_IMPLEMENTATIONS = YES;
				CLANG_WARN_DIRECT_OBJC_ISA_USAGE = YES_ERROR;
				CLANG_WARN_DOCUMENTATION_COMMENTS = YES;
				CLANG_WARN_EMPTY_BODY = YES;
				CLANG_WARN_ENUM_CONVERSION = YES;
				CLANG_WARN_INFINITE_RECURSION = YES;
				CLANG_WARN_INT_CONVERSION = YES;
				CLANG_WARN_NON_LITERAL_NULL_CONVERSION = YES;
				CLANG_WARN_OBJC_IMPLICIT_RETAIN_SELF = YES;
				CLANG_WARN_OBJC_LITERAL_CONVERSION = YES;
				CLANG_WARN_OBJC_ROOT_CLASS = YES_ERROR;
				CLANG_WARN_QUOTED_INCLUDE_IN_FRAMEWORK_HEADER = YES;
				CLANG_WARN_RANGE_LOOP_ANALYSIS = YES;
				CLANG_WARN_STRICT_PROTOTYPES = YES;
				CLANG_WARN_SUSPICIOUS_MOVE = YES;
				CLANG_WARN_UNGUARDED_AVAILABILITY = YES_AGGRESSIVE;
				CLANG_WARN_UNREACHABLE_CODE = YES;
				CLANG_WARN__DUPLICATE_METHOD_MATCH = YES;
				COPY_PHASE_STRIP = NO;
				DEBUG_INFORMATION_FORMAT = "dwarf-with-dsym";
				ENABLE_NS_ASSERTIONS = NO;
				ENABLE_STRICT_OBJC_MSGSEND = YES;
				GCC_C_LANGUAGE_STANDARD = gnu11;
				GCC_NO_COMMON_BLOCKS = YES;
				GCC_WARN_64_TO_32_BIT_CONVERSION = YES;
				GCC_WARN_ABOUT_RETURN_TYPE = YES_ERROR;
				GCC_WARN_UNDECLARED_SELECTOR = YES;
				GCC_WARN_UNINITIALIZED_AUTOS = YES_AGGRESSIVE;
				GCC_WARN_UNUSED_FUNCTION = YES;
				GCC_WARN_UNUSED_VARIABLE = YES;
				IPHONEOS_DEPLOYMENT_TARGET = 15.5;
				MTL_ENABLE_DEBUG_INFO = NO;
				MTL_FAST_MATH = YES;
				SDKROOT = iphoneos;
				SWIFT_COMPILATION_MODE = wholemodule;
				SWIFT_OPTIMIZATION_LEVEL = "-O";
				VALIDATE_PRODUCT = YES;
			};
			name = Release;
		};
		7FDDF230289CFDCD00EE3FB7 /* Debug */ = {
			isa = XCBuildConfiguration;
			buildSettings = {
				ASSETCATALOG_COMPILER_APPICON_NAME = AppIcon;
				ASSETCATALOG_COMPILER_GLOBAL_ACCENT_COLOR_NAME = AccentColor;
				CODE_SIGN_STYLE = Automatic;
				CURRENT_PROJECT_VERSION = 1;
				DEVELOPMENT_ASSET_PATHS = "\"HandGosi/Preview Content\"";
				DEVELOPMENT_TEAM = JSZ2KS27AG;
				ENABLE_PREVIEWS = YES;
				GENERATE_INFOPLIST_FILE = YES;
				INFOPLIST_FILE = HandGosi/Info.plist;
				INFOPLIST_KEY_LSApplicationCategoryType = "public.app-category.education";
				INFOPLIST_KEY_NSUserTrackingUsageDescription = "";
				INFOPLIST_KEY_UIApplicationSceneManifest_Generation = YES;
				INFOPLIST_KEY_UIApplicationSupportsIndirectInputEvents = YES;
				INFOPLIST_KEY_UILaunchScreen_Generation = YES;
				INFOPLIST_KEY_UIStatusBarStyle = "";
				INFOPLIST_KEY_UISupportedInterfaceOrientations = UIInterfaceOrientationPortrait;
				INFOPLIST_KEY_UISupportedInterfaceOrientations_iPad = "UIInterfaceOrientationLandscapeLeft UIInterfaceOrientationLandscapeRight UIInterfaceOrientationPortrait UIInterfaceOrientationPortraitUpsideDown";
				LD_RUNPATH_SEARCH_PATHS = (
					"$(inherited)",
					"@executable_path/Frameworks",
				);
				MARKETING_VERSION = 2.0;
				PRODUCT_BUNDLE_IDENTIFIER = threegod1108.HandGosi;
				PRODUCT_NAME = "$(TARGET_NAME)";
				SUPPORTED_PLATFORMS = "iphoneos iphonesimulator";
				SUPPORTS_MACCATALYST = NO;
				SUPPORTS_MAC_DESIGNED_FOR_IPHONE_IPAD = NO;
				SWIFT_EMIT_LOC_STRINGS = YES;
				SWIFT_VERSION = 5.0;
				TARGETED_DEVICE_FAMILY = 1;
			};
			name = Debug;
		};
		7FDDF231289CFDCD00EE3FB7 /* Release */ = {
			isa = XCBuildConfiguration;
			buildSettings = {
				ASSETCATALOG_COMPILER_APPICON_NAME = AppIcon;
				ASSETCATALOG_COMPILER_GLOBAL_ACCENT_COLOR_NAME = AccentColor;
				CODE_SIGN_STYLE = Automatic;
				CURRENT_PROJECT_VERSION = 1;
				DEVELOPMENT_ASSET_PATHS = "\"HandGosi/Preview Content\"";
				DEVELOPMENT_TEAM = JSZ2KS27AG;
				ENABLE_PREVIEWS = YES;
				GENERATE_INFOPLIST_FILE = YES;
				INFOPLIST_FILE = HandGosi/Info.plist;
				INFOPLIST_KEY_LSApplicationCategoryType = "public.app-category.education";
				INFOPLIST_KEY_NSUserTrackingUsageDescription = "";
				INFOPLIST_KEY_UIApplicationSceneManifest_Generation = YES;
				INFOPLIST_KEY_UIApplicationSupportsIndirectInputEvents = YES;
				INFOPLIST_KEY_UILaunchScreen_Generation = YES;
				INFOPLIST_KEY_UIStatusBarStyle = "";
				INFOPLIST_KEY_UISupportedInterfaceOrientations = UIInterfaceOrientationPortrait;
				INFOPLIST_KEY_UISupportedInterfaceOrientations_iPad = "UIInterfaceOrientationLandscapeLeft UIInterfaceOrientationLandscapeRight UIInterfaceOrientationPortrait UIInterfaceOrientationPortraitUpsideDown";
				LD_RUNPATH_SEARCH_PATHS = (
					"$(inherited)",
					"@executable_path/Frameworks",
				);
				MARKETING_VERSION = 2.0;
				PRODUCT_BUNDLE_IDENTIFIER = threegod1108.HandGosi;
				PRODUCT_NAME = "$(TARGET_NAME)";
				SUPPORTED_PLATFORMS = "iphoneos iphonesimulator";
				SUPPORTS_MACCATALYST = NO;
				SUPPORTS_MAC_DESIGNED_FOR_IPHONE_IPAD = NO;
				SWIFT_EMIT_LOC_STRINGS = YES;
				SWIFT_VERSION = 5.0;
				TARGETED_DEVICE_FAMILY = 1;
			};
			name = Release;
		};
/* End XCBuildConfiguration section */

/* Begin XCConfigurationList section */
		7FDDF21C289CFDCB00EE3FB7 /* Build configuration list for PBXProject "HandGosi" */ = {
			isa = XCConfigurationList;
			buildConfigurations = (
				7FDDF22D289CFDCD00EE3FB7 /* Debug */,
				7FDDF22E289CFDCD00EE3FB7 /* Release */,
			);
			defaultConfigurationIsVisible = 0;
			defaultConfigurationName = Release;
		};
		7FDDF22F289CFDCD00EE3FB7 /* Build configuration list for PBXNativeTarget "HandGosi" */ = {
			isa = XCConfigurationList;
			buildConfigurations = (
				7FDDF230289CFDCD00EE3FB7 /* Debug */,
				7FDDF231289CFDCD00EE3FB7 /* Release */,
			);
			defaultConfigurationIsVisible = 0;
			defaultConfigurationName = Release;
		};
/* End XCConfigurationList section */
	};
	rootObject = 7FDDF219289CFDCB00EE3FB7 /* Project object */;
}
